// !$*UTF8*$!
{
	archiveVersion = 1;
	classes = {
	};
	objectVersion = 60;
	objects = {

/* Begin PBXBuildFile section */
		0E59248E2C29471800D5F27C /* Supabase in Frameworks */ = {isa = PBXBuildFile; productRef = 0E59248D2C29471800D5F27C /* Supabase */; };
		0E94FA662C240BE500A3429E /* .gitkeep in Resources */ = {isa = PBXBuildFile; fileRef = 0E94FA652C240BE500A3429E /* .gitkeep */; };
		0E94FA692C240C2E00A3429E /* UIConfig.swift in Sources */ = {isa = PBXBuildFile; fileRef = 0E94FA682C240C2E00A3429E /* UIConfig.swift */; };
		0EE860012C24429C00568053 /* InputText.swift in Sources */ = {isa = PBXBuildFile; fileRef = 0EE860002C24429C00568053 /* InputText.swift */; };
		8F0535782C2557040010F7B7 /* Strings.swift in Sources */ = {isa = PBXBuildFile; fileRef = 8F0535772C2557040010F7B7 /* Strings.swift */; };
		8F08817D2C2532BD00CCA732 /* ButtonAction.swift in Sources */ = {isa = PBXBuildFile; fileRef = 8F08817C2C2532BD00CCA732 /* ButtonAction.swift */; };
		8F339B2A2C2199BA008D13A7 /* WalmeApp.swift in Sources */ = {isa = PBXBuildFile; fileRef = 8F339B292C2199BA008D13A7 /* WalmeApp.swift */; };
		8F339B2C2C2199BA008D13A7 /* ContentView.swift in Sources */ = {isa = PBXBuildFile; fileRef = 8F339B2B2C2199BA008D13A7 /* ContentView.swift */; };
		8F339B2E2C2199BC008D13A7 /* Assets.xcassets in Resources */ = {isa = PBXBuildFile; fileRef = 8F339B2D2C2199BC008D13A7 /* Assets.xcassets */; };
		8F339B312C2199BC008D13A7 /* Preview Assets.xcassets in Resources */ = {isa = PBXBuildFile; fileRef = 8F339B302C2199BC008D13A7 /* Preview Assets.xcassets */; };
		8F339B402C219A22008D13A7 /* User.swift in Sources */ = {isa = PBXBuildFile; fileRef = 8F339B3F2C219A20008D13A7 /* User.swift */; };
		8F339B422C219A2D008D13A7 /* SignInView.swift in Sources */ = {isa = PBXBuildFile; fileRef = 8F339B412C219A28008D13A7 /* SignInView.swift */; };
		8F339B442C219A34008D13A7 /* SignInViewModel.swift in Sources */ = {isa = PBXBuildFile; fileRef = 8F339B432C219A30008D13A7 /* SignInViewModel.swift */; };
		8F339B4B2C219ACE008D13A7 /* ClanManager.swift in Sources */ = {isa = PBXBuildFile; fileRef = 8F339B4A2C219AC9008D13A7 /* ClanManager.swift */; };
		8F339B4D2C219B80008D13A7 /* InitialPersonalitationView.swift in Sources */ = {isa = PBXBuildFile; fileRef = 8F339B4C2C219B80008D13A7 /* InitialPersonalitationView.swift */; };
		8F339B4F2C219B99008D13A7 /* InitialPersonalitationViewModel.swift in Sources */ = {isa = PBXBuildFile; fileRef = 8F339B4E2C219B8F008D13A7 /* InitialPersonalitationViewModel.swift */; };
		8F339B512C219BFE008D13A7 /* ClanOptionView.swift in Sources */ = {isa = PBXBuildFile; fileRef = 8F339B502C219BF9008D13A7 /* ClanOptionView.swift */; };
		8F339B532C219C06008D13A7 /* ClanOptionViewModel.swift in Sources */ = {isa = PBXBuildFile; fileRef = 8F339B522C219C01008D13A7 /* ClanOptionViewModel.swift */; };
		8F339B552C219C1E008D13A7 /* CreateClanView.swift in Sources */ = {isa = PBXBuildFile; fileRef = 8F339B542C219C18008D13A7 /* CreateClanView.swift */; };
		8F339B572C219C29008D13A7 /* CreateClanViewModel.swift in Sources */ = {isa = PBXBuildFile; fileRef = 8F339B562C219C22008D13A7 /* CreateClanViewModel.swift */; };
		8F339B592C219C9F008D13A7 /* MyClanView.swift in Sources */ = {isa = PBXBuildFile; fileRef = 8F339B582C219C98008D13A7 /* MyClanView.swift */; };
		8F339B5B2C219CAA008D13A7 /* MyClanViewModel.swift in Sources */ = {isa = PBXBuildFile; fileRef = 8F339B5A2C219CA4008D13A7 /* MyClanViewModel.swift */; };
		8F339B5D2C219D4C008D13A7 /* DailyQuestsView.swift in Sources */ = {isa = PBXBuildFile; fileRef = 8F339B5C2C219D44008D13A7 /* DailyQuestsView.swift */; };
		8F339B5F2C219D62008D13A7 /* DailyQuestsViewModel.swift in Sources */ = {isa = PBXBuildFile; fileRef = 8F339B5E2C219D5C008D13A7 /* DailyQuestsViewModel.swift */; };
		8F339B612C219E54008D13A7 /* LeaderboardView.swift in Sources */ = {isa = PBXBuildFile; fileRef = 8F339B602C219E4E008D13A7 /* LeaderboardView.swift */; };
		8F339B632C219E62008D13A7 /* LeaderboadViewModel.swift in Sources */ = {isa = PBXBuildFile; fileRef = 8F339B622C219E5C008D13A7 /* LeaderboadViewModel.swift */; };
		8F339B652C219E8D008D13A7 /* ProfileView.swift in Sources */ = {isa = PBXBuildFile; fileRef = 8F339B642C219E8A008D13A7 /* ProfileView.swift */; };
		8F339B672C219E95008D13A7 /* ProfileViewModel.swift in Sources */ = {isa = PBXBuildFile; fileRef = 8F339B662C219E92008D13A7 /* ProfileViewModel.swift */; };
		8F339B6B2C219F91008D13A7 /* EditDailyStepsGoalView.swift in Sources */ = {isa = PBXBuildFile; fileRef = 8F339B6A2C219F7E008D13A7 /* EditDailyStepsGoalView.swift */; };
		8F339B6D2C219FA4008D13A7 /* EditNicknameView.swift in Sources */ = {isa = PBXBuildFile; fileRef = 8F339B6C2C219F99008D13A7 /* EditNicknameView.swift */; };
		8F339B6F2C219FB4008D13A7 /* EditNicknameViewModel.swift in Sources */ = {isa = PBXBuildFile; fileRef = 8F339B6E2C219FAD008D13A7 /* EditNicknameViewModel.swift */; };
		8F339B712C219FC9008D13A7 /* EditDailyStepsGoalViewModel.swift in Sources */ = {isa = PBXBuildFile; fileRef = 8F339B702C219FB7008D13A7 /* EditDailyStepsGoalViewModel.swift */; };
		8F339B732C21A022008D13A7 /* JoinClanView.swift in Sources */ = {isa = PBXBuildFile; fileRef = 8F339B722C21A01B008D13A7 /* JoinClanView.swift */; };
		8F339B752C21A03A008D13A7 /* JoinClanViewModel.swift in Sources */ = {isa = PBXBuildFile; fileRef = 8F339B742C21A035008D13A7 /* JoinClanViewModel.swift */; };
		8F339B772C21A0F2008D13A7 /* JoinClanDetailView.swift in Sources */ = {isa = PBXBuildFile; fileRef = 8F339B762C21A0EA008D13A7 /* JoinClanDetailView.swift */; };
		8F339B7B2C21A111008D13A7 /* JoinClanDetailViewModel.swift in Sources */ = {isa = PBXBuildFile; fileRef = 8F339B7A2C21A10B008D13A7 /* JoinClanDetailViewModel.swift */; };
		8F339B7D2C21A16A008D13A7 /* UserManager.swift in Sources */ = {isa = PBXBuildFile; fileRef = 8F339B7C2C21A167008D13A7 /* UserManager.swift */; };
		8F339B7F2C21A338008D13A7 /* SignInApple.swift in Sources */ = {isa = PBXBuildFile; fileRef = 8F339B7E2C21A333008D13A7 /* SignInApple.swift */; };
		8F339B812C21AC76008D13A7 /* SupabaseService.swift in Sources */ = {isa = PBXBuildFile; fileRef = 8F339B802C21AC71008D13A7 /* SupabaseService.swift */; };
		8F339B832C21B012008D13A7 /* MainTabView.swift in Sources */ = {isa = PBXBuildFile; fileRef = 8F339B822C21B00F008D13A7 /* MainTabView.swift */; };
		EFD185392C243B2400D8EDFA /* HealthService.swift in Sources */ = {isa = PBXBuildFile; fileRef = EFD185382C243B2400D8EDFA /* HealthService.swift */; };
/* End PBXBuildFile section */

/* Begin PBXFileReference section */
		0E94FA652C240BE500A3429E /* .gitkeep */ = {isa = PBXFileReference; lastKnownFileType = text; path = .gitkeep; sourceTree = "<group>"; };
		0E94FA672C240C1400A3429E /* README.md */ = {isa = PBXFileReference; lastKnownFileType = net.daringfireball.markdown; path = README.md; sourceTree = "<group>"; };
		0E94FA682C240C2E00A3429E /* UIConfig.swift */ = {isa = PBXFileReference; lastKnownFileType = sourcecode.swift; path = UIConfig.swift; sourceTree = "<group>"; };
		0EE860002C24429C00568053 /* InputText.swift */ = {isa = PBXFileReference; lastKnownFileType = sourcecode.swift; path = InputText.swift; sourceTree = "<group>"; };
		8F0535772C2557040010F7B7 /* Strings.swift */ = {isa = PBXFileReference; lastKnownFileType = sourcecode.swift; path = Strings.swift; sourceTree = "<group>"; };
		8F08817C2C2532BD00CCA732 /* ButtonAction.swift */ = {isa = PBXFileReference; lastKnownFileType = sourcecode.swift; path = ButtonAction.swift; sourceTree = "<group>"; };
		8F339B262C2199BA008D13A7 /* Walme.app */ = {isa = PBXFileReference; explicitFileType = wrapper.application; includeInIndex = 0; path = Walme.app; sourceTree = BUILT_PRODUCTS_DIR; };
		8F339B292C2199BA008D13A7 /* WalmeApp.swift */ = {isa = PBXFileReference; lastKnownFileType = sourcecode.swift; path = WalmeApp.swift; sourceTree = "<group>"; };
		8F339B2B2C2199BA008D13A7 /* ContentView.swift */ = {isa = PBXFileReference; lastKnownFileType = sourcecode.swift; path = ContentView.swift; sourceTree = "<group>"; };
		8F339B2D2C2199BC008D13A7 /* Assets.xcassets */ = {isa = PBXFileReference; lastKnownFileType = folder.assetcatalog; path = Assets.xcassets; sourceTree = "<group>"; };
		8F339B302C2199BC008D13A7 /* Preview Assets.xcassets */ = {isa = PBXFileReference; lastKnownFileType = folder.assetcatalog; path = "Preview Assets.xcassets"; sourceTree = "<group>"; };
		8F339B3F2C219A20008D13A7 /* User.swift */ = {isa = PBXFileReference; lastKnownFileType = sourcecode.swift; path = User.swift; sourceTree = "<group>"; };
		8F339B412C219A28008D13A7 /* SignInView.swift */ = {isa = PBXFileReference; lastKnownFileType = sourcecode.swift; path = SignInView.swift; sourceTree = "<group>"; };
		8F339B432C219A30008D13A7 /* SignInViewModel.swift */ = {isa = PBXFileReference; lastKnownFileType = sourcecode.swift; path = SignInViewModel.swift; sourceTree = "<group>"; };
		8F339B4A2C219AC9008D13A7 /* ClanManager.swift */ = {isa = PBXFileReference; lastKnownFileType = sourcecode.swift; path = ClanManager.swift; sourceTree = "<group>"; };
		8F339B4C2C219B80008D13A7 /* InitialPersonalitationView.swift */ = {isa = PBXFileReference; lastKnownFileType = sourcecode.swift; path = InitialPersonalitationView.swift; sourceTree = "<group>"; };
		8F339B4E2C219B8F008D13A7 /* InitialPersonalitationViewModel.swift */ = {isa = PBXFileReference; lastKnownFileType = sourcecode.swift; path = InitialPersonalitationViewModel.swift; sourceTree = "<group>"; };
		8F339B502C219BF9008D13A7 /* ClanOptionView.swift */ = {isa = PBXFileReference; lastKnownFileType = sourcecode.swift; path = ClanOptionView.swift; sourceTree = "<group>"; };
		8F339B522C219C01008D13A7 /* ClanOptionViewModel.swift */ = {isa = PBXFileReference; lastKnownFileType = sourcecode.swift; path = ClanOptionViewModel.swift; sourceTree = "<group>"; };
		8F339B542C219C18008D13A7 /* CreateClanView.swift */ = {isa = PBXFileReference; lastKnownFileType = sourcecode.swift; path = CreateClanView.swift; sourceTree = "<group>"; };
		8F339B562C219C22008D13A7 /* CreateClanViewModel.swift */ = {isa = PBXFileReference; lastKnownFileType = sourcecode.swift; path = CreateClanViewModel.swift; sourceTree = "<group>"; };
		8F339B582C219C98008D13A7 /* MyClanView.swift */ = {isa = PBXFileReference; lastKnownFileType = sourcecode.swift; path = MyClanView.swift; sourceTree = "<group>"; };
		8F339B5A2C219CA4008D13A7 /* MyClanViewModel.swift */ = {isa = PBXFileReference; lastKnownFileType = sourcecode.swift; path = MyClanViewModel.swift; sourceTree = "<group>"; };
		8F339B5C2C219D44008D13A7 /* DailyQuestsView.swift */ = {isa = PBXFileReference; lastKnownFileType = sourcecode.swift; path = DailyQuestsView.swift; sourceTree = "<group>"; };
		8F339B5E2C219D5C008D13A7 /* DailyQuestsViewModel.swift */ = {isa = PBXFileReference; lastKnownFileType = sourcecode.swift; path = DailyQuestsViewModel.swift; sourceTree = "<group>"; };
		8F339B602C219E4E008D13A7 /* LeaderboardView.swift */ = {isa = PBXFileReference; lastKnownFileType = sourcecode.swift; path = LeaderboardView.swift; sourceTree = "<group>"; };
		8F339B622C219E5C008D13A7 /* LeaderboadViewModel.swift */ = {isa = PBXFileReference; lastKnownFileType = sourcecode.swift; path = LeaderboadViewModel.swift; sourceTree = "<group>"; };
		8F339B642C219E8A008D13A7 /* ProfileView.swift */ = {isa = PBXFileReference; lastKnownFileType = sourcecode.swift; path = ProfileView.swift; sourceTree = "<group>"; };
		8F339B662C219E92008D13A7 /* ProfileViewModel.swift */ = {isa = PBXFileReference; lastKnownFileType = sourcecode.swift; path = ProfileViewModel.swift; sourceTree = "<group>"; };
		8F339B6A2C219F7E008D13A7 /* EditDailyStepsGoalView.swift */ = {isa = PBXFileReference; lastKnownFileType = sourcecode.swift; path = EditDailyStepsGoalView.swift; sourceTree = "<group>"; };
		8F339B6C2C219F99008D13A7 /* EditNicknameView.swift */ = {isa = PBXFileReference; lastKnownFileType = sourcecode.swift; path = EditNicknameView.swift; sourceTree = "<group>"; };
		8F339B6E2C219FAD008D13A7 /* EditNicknameViewModel.swift */ = {isa = PBXFileReference; lastKnownFileType = sourcecode.swift; path = EditNicknameViewModel.swift; sourceTree = "<group>"; };
		8F339B702C219FB7008D13A7 /* EditDailyStepsGoalViewModel.swift */ = {isa = PBXFileReference; lastKnownFileType = sourcecode.swift; path = EditDailyStepsGoalViewModel.swift; sourceTree = "<group>"; };
		8F339B722C21A01B008D13A7 /* JoinClanView.swift */ = {isa = PBXFileReference; lastKnownFileType = sourcecode.swift; path = JoinClanView.swift; sourceTree = "<group>"; };
		8F339B742C21A035008D13A7 /* JoinClanViewModel.swift */ = {isa = PBXFileReference; lastKnownFileType = sourcecode.swift; path = JoinClanViewModel.swift; sourceTree = "<group>"; };
		8F339B762C21A0EA008D13A7 /* JoinClanDetailView.swift */ = {isa = PBXFileReference; lastKnownFileType = sourcecode.swift; path = JoinClanDetailView.swift; sourceTree = "<group>"; };
		8F339B7A2C21A10B008D13A7 /* JoinClanDetailViewModel.swift */ = {isa = PBXFileReference; lastKnownFileType = sourcecode.swift; path = JoinClanDetailViewModel.swift; sourceTree = "<group>"; };
		8F339B7C2C21A167008D13A7 /* UserManager.swift */ = {isa = PBXFileReference; lastKnownFileType = sourcecode.swift; path = UserManager.swift; sourceTree = "<group>"; };
		8F339B7E2C21A333008D13A7 /* SignInApple.swift */ = {isa = PBXFileReference; lastKnownFileType = sourcecode.swift; path = SignInApple.swift; sourceTree = "<group>"; };
		8F339B802C21AC71008D13A7 /* SupabaseService.swift */ = {isa = PBXFileReference; lastKnownFileType = sourcecode.swift; path = SupabaseService.swift; sourceTree = "<group>"; };
		8F339B822C21B00F008D13A7 /* MainTabView.swift */ = {isa = PBXFileReference; lastKnownFileType = sourcecode.swift; path = MainTabView.swift; sourceTree = "<group>"; };
		8F339B842C21C75F008D13A7 /* Walme.entitlements */ = {isa = PBXFileReference; lastKnownFileType = text.plist.entitlements; path = Walme.entitlements; sourceTree = "<group>"; };
		EFD185382C243B2400D8EDFA /* HealthService.swift */ = {isa = PBXFileReference; lastKnownFileType = sourcecode.swift; path = HealthService.swift; sourceTree = "<group>"; };
/* End PBXFileReference section */

/* Begin PBXFrameworksBuildPhase section */
		8F339B232C2199BA008D13A7 /* Frameworks */ = {
			isa = PBXFrameworksBuildPhase;
			buildActionMask = 2147483647;
			files = (
				0E59248E2C29471800D5F27C /* Supabase in Frameworks */,
			);
			runOnlyForDeploymentPostprocessing = 0;
		};
/* End PBXFrameworksBuildPhase section */

/* Begin PBXGroup section */
		0E94FA642C240BD200A3429E /* Configs */ = {
			isa = PBXGroup;
			children = (
				0E94FA652C240BE500A3429E /* .gitkeep */,
				0E94FA672C240C1400A3429E /* README.md */,
				0E94FA682C240C2E00A3429E /* UIConfig.swift */,
				8F0535772C2557040010F7B7 /* Strings.swift */,
			);
			path = Configs;
			sourceTree = "<group>";
		};
		0E94FA6A2C240C4200A3429E /* Components */ = {
			isa = PBXGroup;
			children = (
				8F339B822C21B00F008D13A7 /* MainTabView.swift */,
				0EE860002C24429C00568053 /* InputText.swift */,
				8F08817C2C2532BD00CCA732 /* ButtonAction.swift */,
			);
			path = Components;
			sourceTree = "<group>";
		};
		0E94FA6B2C240C4900A3429E /* Pages */ = {
			isa = PBXGroup;
			children = (
				8F339B412C219A28008D13A7 /* SignInView.swift */,
				8F339B4C2C219B80008D13A7 /* InitialPersonalitationView.swift */,
				8F339B642C219E8A008D13A7 /* ProfileView.swift */,
			);
			path = Pages;
			sourceTree = "<group>";
		};
		8F339B1D2C2199BA008D13A7 = {
			isa = PBXGroup;
			children = (
				8F339B282C2199BA008D13A7 /* Walme */,
				8F339B272C2199BA008D13A7 /* Products */,
				8F339B382C2199F1008D13A7 /* Frameworks */,
			);
			sourceTree = "<group>";
		};
		8F339B272C2199BA008D13A7 /* Products */ = {
			isa = PBXGroup;
			children = (
				8F339B262C2199BA008D13A7 /* Walme.app */,
			);
			name = Products;
			sourceTree = "<group>";
		};
		8F339B282C2199BA008D13A7 /* Walme */ = {
			isa = PBXGroup;
			children = (
				8F339B842C21C75F008D13A7 /* Walme.entitlements */,
				0E94FA642C240BD200A3429E /* Configs */,
				8F339B3E2C219A0A008D13A7 /* Models */,
				8F339B3B2C2199F5008D13A7 /* Services */,
				8F339B3D2C219A07008D13A7 /* Views */,
				8F339B3C2C2199FB008D13A7 /* ViewModels */,
				8F339B292C2199BA008D13A7 /* WalmeApp.swift */,
				8F339B2B2C2199BA008D13A7 /* ContentView.swift */,
				8F339B2D2C2199BC008D13A7 /* Assets.xcassets */,
				8F339B2F2C2199BC008D13A7 /* Preview Content */,
			);
			path = Walme;
			sourceTree = "<group>";
		};
		8F339B2F2C2199BC008D13A7 /* Preview Content */ = {
			isa = PBXGroup;
			children = (
				8F339B302C2199BC008D13A7 /* Preview Assets.xcassets */,
			);
			path = "Preview Content";
			sourceTree = "<group>";
		};
		8F339B382C2199F1008D13A7 /* Frameworks */ = {
			isa = PBXGroup;
			children = (
			);
			name = Frameworks;
			sourceTree = "<group>";
		};
		8F339B3B2C2199F5008D13A7 /* Services */ = {
			isa = PBXGroup;
			children = (
				8F339B7C2C21A167008D13A7 /* UserManager.swift */,
				8F339B4A2C219AC9008D13A7 /* ClanManager.swift */,
				8F339B802C21AC71008D13A7 /* SupabaseService.swift */,
				8F339B7E2C21A333008D13A7 /* SignInApple.swift */,
				EFD185382C243B2400D8EDFA /* HealthService.swift */,
			);
			path = Services;
			sourceTree = "<group>";
		};
		8F339B3C2C2199FB008D13A7 /* ViewModels */ = {
			isa = PBXGroup;
			children = (
				8F339B432C219A30008D13A7 /* SignInViewModel.swift */,
				8F339B4E2C219B8F008D13A7 /* InitialPersonalitationViewModel.swift */,
				8F339B522C219C01008D13A7 /* ClanOptionViewModel.swift */,
				8F339B742C21A035008D13A7 /* JoinClanViewModel.swift */,
				8F339B7A2C21A10B008D13A7 /* JoinClanDetailViewModel.swift */,
				8F339B5A2C219CA4008D13A7 /* MyClanViewModel.swift */,
				8F339B562C219C22008D13A7 /* CreateClanViewModel.swift */,
				8F339B5E2C219D5C008D13A7 /* DailyQuestsViewModel.swift */,
				8F339B622C219E5C008D13A7 /* LeaderboadViewModel.swift */,
				8F339B662C219E92008D13A7 /* ProfileViewModel.swift */,
				8F339B6E2C219FAD008D13A7 /* EditNicknameViewModel.swift */,
				8F339B702C219FB7008D13A7 /* EditDailyStepsGoalViewModel.swift */,
			);
			path = ViewModels;
			sourceTree = "<group>";
		};
		8F339B3D2C219A07008D13A7 /* Views */ = {
			isa = PBXGroup;
			children = (
				0E94FA6A2C240C4200A3429E /* Components */,
				0E94FA6B2C240C4900A3429E /* Pages */,
				8F339B502C219BF9008D13A7 /* ClanOptionView.swift */,
				8F339B542C219C18008D13A7 /* CreateClanView.swift */,
				8F339B722C21A01B008D13A7 /* JoinClanView.swift */,
				8F339B762C21A0EA008D13A7 /* JoinClanDetailView.swift */,
				8F339B582C219C98008D13A7 /* MyClanView.swift */,
				8F339B5C2C219D44008D13A7 /* DailyQuestsView.swift */,
				8F339B602C219E4E008D13A7 /* LeaderboardView.swift */,
				8F339B6C2C219F99008D13A7 /* EditNicknameView.swift */,
				8F339B6A2C219F7E008D13A7 /* EditDailyStepsGoalView.swift */,
			);
			path = Views;
			sourceTree = "<group>";
		};
		8F339B3E2C219A0A008D13A7 /* Models */ = {
			isa = PBXGroup;
			children = (
				8F339B3F2C219A20008D13A7 /* User.swift */,
			);
			path = Models;
			sourceTree = "<group>";
		};
/* End PBXGroup section */

/* Begin PBXNativeTarget section */
		8F339B252C2199BA008D13A7 /* Walme */ = {
			isa = PBXNativeTarget;
			buildConfigurationList = 8F339B342C2199BC008D13A7 /* Build configuration list for PBXNativeTarget "Walme" */;
			buildPhases = (
				8F339B222C2199BA008D13A7 /* Sources */,
				8F339B232C2199BA008D13A7 /* Frameworks */,
				8F339B242C2199BA008D13A7 /* Resources */,
			);
			buildRules = (
			);
			dependencies = (
			);
			name = Walme;
			packageProductDependencies = (
				0E59248D2C29471800D5F27C /* Supabase */,
			);
			productName = Walme;
			productReference = 8F339B262C2199BA008D13A7 /* Walme.app */;
			productType = "com.apple.product-type.application";
		};
/* End PBXNativeTarget section */

/* Begin PBXProject section */
		8F339B1E2C2199BA008D13A7 /* Project object */ = {
			isa = PBXProject;
			attributes = {
				BuildIndependentTargetsInParallel = 1;
				LastSwiftUpdateCheck = 1600;
				LastUpgradeCheck = 1600;
				TargetAttributes = {
					8F339B252C2199BA008D13A7 = {
						CreatedOnToolsVersion = 16.0;
					};
				};
			};
			buildConfigurationList = 8F339B212C2199BA008D13A7 /* Build configuration list for PBXProject "Walme" */;
			compatibilityVersion = "Xcode 15.0";
			developmentRegion = en;
			hasScannedForEncodings = 0;
			knownRegions = (
				en,
				Base,
			);
			mainGroup = 8F339B1D2C2199BA008D13A7;
			packageReferences = (
				0E59248C2C29470900D5F27C /* XCRemoteSwiftPackageReference "supabase-swift" */,
			);
			productRefGroup = 8F339B272C2199BA008D13A7 /* Products */;
			projectDirPath = "";
			projectRoot = "";
			targets = (
				8F339B252C2199BA008D13A7 /* Walme */,
			);
		};
/* End PBXProject section */

/* Begin PBXResourcesBuildPhase section */
		8F339B242C2199BA008D13A7 /* Resources */ = {
			isa = PBXResourcesBuildPhase;
			buildActionMask = 2147483647;
			files = (
				0E94FA662C240BE500A3429E /* .gitkeep in Resources */,
				8F339B312C2199BC008D13A7 /* Preview Assets.xcassets in Resources */,
				8F339B2E2C2199BC008D13A7 /* Assets.xcassets in Resources */,
			);
			runOnlyForDeploymentPostprocessing = 0;
		};
/* End PBXResourcesBuildPhase section */

/* Begin PBXSourcesBuildPhase section */
		8F339B222C2199BA008D13A7 /* Sources */ = {
			isa = PBXSourcesBuildPhase;
			buildActionMask = 2147483647;
			files = (
				8F0535782C2557040010F7B7 /* Strings.swift in Sources */,
				8F339B7F2C21A338008D13A7 /* SignInApple.swift in Sources */,
				8F339B752C21A03A008D13A7 /* JoinClanViewModel.swift in Sources */,
				8F339B5B2C219CAA008D13A7 /* MyClanViewModel.swift in Sources */,
				8F339B832C21B012008D13A7 /* MainTabView.swift in Sources */,
				8F339B552C219C1E008D13A7 /* CreateClanView.swift in Sources */,
				8F339B512C219BFE008D13A7 /* ClanOptionView.swift in Sources */,
				8F339B4D2C219B80008D13A7 /* InitialPersonalitationView.swift in Sources */,
				0EE860012C24429C00568053 /* InputText.swift in Sources */,
				8F339B4F2C219B99008D13A7 /* InitialPersonalitationViewModel.swift in Sources */,
				8F339B2C2C2199BA008D13A7 /* ContentView.swift in Sources */,
				0E94FA692C240C2E00A3429E /* UIConfig.swift in Sources */,
				8F339B5F2C219D62008D13A7 /* DailyQuestsViewModel.swift in Sources */,
				8F339B7B2C21A111008D13A7 /* JoinClanDetailViewModel.swift in Sources */,
				8F339B6D2C219FA4008D13A7 /* EditNicknameView.swift in Sources */,
				8F339B572C219C29008D13A7 /* CreateClanViewModel.swift in Sources */,
				8F339B2A2C2199BA008D13A7 /* WalmeApp.swift in Sources */,
				8F339B592C219C9F008D13A7 /* MyClanView.swift in Sources */,
				8F339B422C219A2D008D13A7 /* SignInView.swift in Sources */,
				8F339B712C219FC9008D13A7 /* EditDailyStepsGoalViewModel.swift in Sources */,
				8F339B772C21A0F2008D13A7 /* JoinClanDetailView.swift in Sources */,
				8F339B732C21A022008D13A7 /* JoinClanView.swift in Sources */,
				8F339B5D2C219D4C008D13A7 /* DailyQuestsView.swift in Sources */,
				8F339B7D2C21A16A008D13A7 /* UserManager.swift in Sources */,
				8F339B402C219A22008D13A7 /* User.swift in Sources */,
				8F339B812C21AC76008D13A7 /* SupabaseService.swift in Sources */,
				8F339B4B2C219ACE008D13A7 /* ClanManager.swift in Sources */,
				EFD185392C243B2400D8EDFA /* HealthService.swift in Sources */,
				8F339B632C219E62008D13A7 /* LeaderboadViewModel.swift in Sources */,
				8F339B612C219E54008D13A7 /* LeaderboardView.swift in Sources */,
				8F339B672C219E95008D13A7 /* ProfileViewModel.swift in Sources */,
				8F339B442C219A34008D13A7 /* SignInViewModel.swift in Sources */,
				8F08817D2C2532BD00CCA732 /* ButtonAction.swift in Sources */,
				8F339B6B2C219F91008D13A7 /* EditDailyStepsGoalView.swift in Sources */,
				8F339B652C219E8D008D13A7 /* ProfileView.swift in Sources */,
				8F339B6F2C219FB4008D13A7 /* EditNicknameViewModel.swift in Sources */,
				8F339B532C219C06008D13A7 /* ClanOptionViewModel.swift in Sources */,
			);
			runOnlyForDeploymentPostprocessing = 0;
		};
/* End PBXSourcesBuildPhase section */

/* Begin XCBuildConfiguration section */
		8F339B322C2199BC008D13A7 /* Debug */ = {
			isa = XCBuildConfiguration;
			buildSettings = {
				ALWAYS_SEARCH_USER_PATHS = NO;
				ASSETCATALOG_COMPILER_GENERATE_SWIFT_ASSET_SYMBOL_EXTENSIONS = YES;
				CLANG_ANALYZER_NONNULL = YES;
				CLANG_ANALYZER_NUMBER_OBJECT_CONVERSION = YES_AGGRESSIVE;
				CLANG_CXX_LANGUAGE_STANDARD = "gnu++20";
				CLANG_ENABLE_MODULES = YES;
				CLANG_ENABLE_OBJC_ARC = YES;
				CLANG_ENABLE_OBJC_WEAK = YES;
				CLANG_WARN_BLOCK_CAPTURE_AUTORELEASING = YES;
				CLANG_WARN_BOOL_CONVERSION = YES;
				CLANG_WARN_COMMA = YES;
				CLANG_WARN_CONSTANT_CONVERSION = YES;
				CLANG_WARN_DEPRECATED_OBJC_IMPLEMENTATIONS = YES;
				CLANG_WARN_DIRECT_OBJC_ISA_USAGE = YES_ERROR;
				CLANG_WARN_DOCUMENTATION_COMMENTS = YES;
				CLANG_WARN_EMPTY_BODY = YES;
				CLANG_WARN_ENUM_CONVERSION = YES;
				CLANG_WARN_INFINITE_RECURSION = YES;
				CLANG_WARN_INT_CONVERSION = YES;
				CLANG_WARN_NON_LITERAL_NULL_CONVERSION = YES;
				CLANG_WARN_OBJC_IMPLICIT_RETAIN_SELF = YES;
				CLANG_WARN_OBJC_LITERAL_CONVERSION = YES;
				CLANG_WARN_OBJC_ROOT_CLASS = YES_ERROR;
				CLANG_WARN_QUOTED_INCLUDE_IN_FRAMEWORK_HEADER = YES;
				CLANG_WARN_RANGE_LOOP_ANALYSIS = YES;
				CLANG_WARN_STRICT_PROTOTYPES = YES;
				CLANG_WARN_SUSPICIOUS_MOVE = YES;
				CLANG_WARN_UNGUARDED_AVAILABILITY = YES_AGGRESSIVE;
				CLANG_WARN_UNREACHABLE_CODE = YES;
				CLANG_WARN__DUPLICATE_METHOD_MATCH = YES;
				COPY_PHASE_STRIP = NO;
				DEBUG_INFORMATION_FORMAT = dwarf;
				ENABLE_STRICT_OBJC_MSGSEND = YES;
				ENABLE_TESTABILITY = YES;
				ENABLE_USER_SCRIPT_SANDBOXING = YES;
				GCC_C_LANGUAGE_STANDARD = gnu17;
				GCC_DYNAMIC_NO_PIC = NO;
				GCC_NO_COMMON_BLOCKS = YES;
				GCC_OPTIMIZATION_LEVEL = 0;
				GCC_PREPROCESSOR_DEFINITIONS = (
					"DEBUG=1",
					"$(inherited)",
				);
				GCC_WARN_64_TO_32_BIT_CONVERSION = YES;
				GCC_WARN_ABOUT_RETURN_TYPE = YES_ERROR;
				GCC_WARN_UNDECLARED_SELECTOR = YES;
				GCC_WARN_UNINITIALIZED_AUTOS = YES_AGGRESSIVE;
				GCC_WARN_UNUSED_FUNCTION = YES;
				GCC_WARN_UNUSED_VARIABLE = YES;
				IPHONEOS_DEPLOYMENT_TARGET = 17.5;
				LOCALIZATION_PREFERS_STRING_CATALOGS = YES;
				MTL_ENABLE_DEBUG_INFO = INCLUDE_SOURCE;
				MTL_FAST_MATH = YES;
				ONLY_ACTIVE_ARCH = YES;
				SDKROOT = iphoneos;
				SWIFT_ACTIVE_COMPILATION_CONDITIONS = "DEBUG $(inherited)";
				SWIFT_OPTIMIZATION_LEVEL = "-Onone";
			};
			name = Debug;
		};
		8F339B332C2199BC008D13A7 /* Release */ = {
			isa = XCBuildConfiguration;
			buildSettings = {
				ALWAYS_SEARCH_USER_PATHS = NO;
				ASSETCATALOG_COMPILER_GENERATE_SWIFT_ASSET_SYMBOL_EXTENSIONS = YES;
				CLANG_ANALYZER_NONNULL = YES;
				CLANG_ANALYZER_NUMBER_OBJECT_CONVERSION = YES_AGGRESSIVE;
				CLANG_CXX_LANGUAGE_STANDARD = "gnu++20";
				CLANG_ENABLE_MODULES = YES;
				CLANG_ENABLE_OBJC_ARC = YES;
				CLANG_ENABLE_OBJC_WEAK = YES;
				CLANG_WARN_BLOCK_CAPTURE_AUTORELEASING = YES;
				CLANG_WARN_BOOL_CONVERSION = YES;
				CLANG_WARN_COMMA = YES;
				CLANG_WARN_CONSTANT_CONVERSION = YES;
				CLANG_WARN_DEPRECATED_OBJC_IMPLEMENTATIONS = YES;
				CLANG_WARN_DIRECT_OBJC_ISA_USAGE = YES_ERROR;
				CLANG_WARN_DOCUMENTATION_COMMENTS = YES;
				CLANG_WARN_EMPTY_BODY = YES;
				CLANG_WARN_ENUM_CONVERSION = YES;
				CLANG_WARN_INFINITE_RECURSION = YES;
				CLANG_WARN_INT_CONVERSION = YES;
				CLANG_WARN_NON_LITERAL_NULL_CONVERSION = YES;
				CLANG_WARN_OBJC_IMPLICIT_RETAIN_SELF = YES;
				CLANG_WARN_OBJC_LITERAL_CONVERSION = YES;
				CLANG_WARN_OBJC_ROOT_CLASS = YES_ERROR;
				CLANG_WARN_QUOTED_INCLUDE_IN_FRAMEWORK_HEADER = YES;
				CLANG_WARN_RANGE_LOOP_ANALYSIS = YES;
				CLANG_WARN_STRICT_PROTOTYPES = YES;
				CLANG_WARN_SUSPICIOUS_MOVE = YES;
				CLANG_WARN_UNGUARDED_AVAILABILITY = YES_AGGRESSIVE;
				CLANG_WARN_UNREACHABLE_CODE = YES;
				CLANG_WARN__DUPLICATE_METHOD_MATCH = YES;
				COPY_PHASE_STRIP = NO;
				DEBUG_INFORMATION_FORMAT = "dwarf-with-dsym";
				ENABLE_NS_ASSERTIONS = NO;
				ENABLE_STRICT_OBJC_MSGSEND = YES;
				ENABLE_USER_SCRIPT_SANDBOXING = YES;
				GCC_C_LANGUAGE_STANDARD = gnu17;
				GCC_NO_COMMON_BLOCKS = YES;
				GCC_WARN_64_TO_32_BIT_CONVERSION = YES;
				GCC_WARN_ABOUT_RETURN_TYPE = YES_ERROR;
				GCC_WARN_UNDECLARED_SELECTOR = YES;
				GCC_WARN_UNINITIALIZED_AUTOS = YES_AGGRESSIVE;
				GCC_WARN_UNUSED_FUNCTION = YES;
				GCC_WARN_UNUSED_VARIABLE = YES;
				IPHONEOS_DEPLOYMENT_TARGET = 17.5;
				LOCALIZATION_PREFERS_STRING_CATALOGS = YES;
				MTL_ENABLE_DEBUG_INFO = NO;
				MTL_FAST_MATH = YES;
				SDKROOT = iphoneos;
				SWIFT_COMPILATION_MODE = wholemodule;
				VALIDATE_PRODUCT = YES;
			};
			name = Release;
		};
		8F339B352C2199BC008D13A7 /* Debug */ = {
			isa = XCBuildConfiguration;
			buildSettings = {
				ASSETCATALOG_COMPILER_APPICON_NAME = AppIcon;
				ASSETCATALOG_COMPILER_GLOBAL_ACCENT_COLOR_NAME = AccentColor;
				CODE_SIGN_ENTITLEMENTS = Walme/Walme.entitlements;
				CODE_SIGN_STYLE = Automatic;
				CURRENT_PROJECT_VERSION = 1;
				DEVELOPMENT_ASSET_PATHS = "\"Walme/Preview Content\"";
				DEVELOPMENT_TEAM = "";
				ENABLE_PREVIEWS = YES;
				GENERATE_INFOPLIST_FILE = YES;
				INFOPLIST_KEY_NSHealthClinicalHealthRecordsShareUsageDescription = "Allow this to track you step";
				INFOPLIST_KEY_NSHealthShareUsageDescription = "Allow this to track you step";
				INFOPLIST_KEY_NSHealthUpdateUsageDescription = "Allow this to track you step";
				INFOPLIST_KEY_UIApplicationSceneManifest_Generation = YES;
				INFOPLIST_KEY_UIApplicationSupportsIndirectInputEvents = YES;
				INFOPLIST_KEY_UILaunchScreen_Generation = YES;
				INFOPLIST_KEY_UISupportedInterfaceOrientations_iPad = "UIInterfaceOrientationPortrait UIInterfaceOrientationPortraitUpsideDown UIInterfaceOrientationLandscapeLeft UIInterfaceOrientationLandscapeRight";
				INFOPLIST_KEY_UISupportedInterfaceOrientations_iPhone = "UIInterfaceOrientationPortrait UIInterfaceOrientationLandscapeLeft UIInterfaceOrientationLandscapeRight";
				IPHONEOS_DEPLOYMENT_TARGET = 17.5;
				LD_RUNPATH_SEARCH_PATHS = (
					"$(inherited)",
					"@executable_path/Frameworks",
				);
				MARKETING_VERSION = 1.0;
				PRODUCT_BUNDLE_IDENTIFIER = com.robertheo.Walme;
				PRODUCT_NAME = "$(TARGET_NAME)";
				SWIFT_EMIT_LOC_STRINGS = YES;
				SWIFT_VERSION = 5.0;
				TARGETED_DEVICE_FAMILY = "1,2";
			};
			name = Debug;
		};
		8F339B362C2199BC008D13A7 /* Release */ = {
			isa = XCBuildConfiguration;
			buildSettings = {
				ASSETCATALOG_COMPILER_APPICON_NAME = AppIcon;
				ASSETCATALOG_COMPILER_GLOBAL_ACCENT_COLOR_NAME = AccentColor;
				CODE_SIGN_ENTITLEMENTS = Walme/Walme.entitlements;
				CODE_SIGN_STYLE = Automatic;
				CURRENT_PROJECT_VERSION = 1;
				DEVELOPMENT_ASSET_PATHS = "\"Walme/Preview Content\"";
				DEVELOPMENT_TEAM = "";
				ENABLE_PREVIEWS = YES;
				GENERATE_INFOPLIST_FILE = YES;
				INFOPLIST_KEY_NSHealthClinicalHealthRecordsShareUsageDescription = "Allow this to track you step";
				INFOPLIST_KEY_NSHealthShareUsageDescription = "Allow this to track you step";
				INFOPLIST_KEY_NSHealthUpdateUsageDescription = "Allow this to track you step";
				INFOPLIST_KEY_UIApplicationSceneManifest_Generation = YES;
				INFOPLIST_KEY_UIApplicationSupportsIndirectInputEvents = YES;
				INFOPLIST_KEY_UILaunchScreen_Generation = YES;
				INFOPLIST_KEY_UISupportedInterfaceOrientations_iPad = "UIInterfaceOrientationPortrait UIInterfaceOrientationPortraitUpsideDown UIInterfaceOrientationLandscapeLeft UIInterfaceOrientationLandscapeRight";
				INFOPLIST_KEY_UISupportedInterfaceOrientations_iPhone = "UIInterfaceOrientationPortrait UIInterfaceOrientationLandscapeLeft UIInterfaceOrientationLandscapeRight";
				IPHONEOS_DEPLOYMENT_TARGET = 17.5;
				LD_RUNPATH_SEARCH_PATHS = (
					"$(inherited)",
					"@executable_path/Frameworks",
				);
				MARKETING_VERSION = 1.0;
				PRODUCT_BUNDLE_IDENTIFIER = com.robertheo.Walme;
				PRODUCT_NAME = "$(TARGET_NAME)";
				SWIFT_EMIT_LOC_STRINGS = YES;
				SWIFT_VERSION = 5.0;
				TARGETED_DEVICE_FAMILY = "1,2";
			};
			name = Release;
		};
/* End XCBuildConfiguration section */

/* Begin XCConfigurationList section */
		8F339B212C2199BA008D13A7 /* Build configuration list for PBXProject "Walme" */ = {
			isa = XCConfigurationList;
			buildConfigurations = (
				8F339B322C2199BC008D13A7 /* Debug */,
				8F339B332C2199BC008D13A7 /* Release */,
			);
			defaultConfigurationIsVisible = 0;
			defaultConfigurationName = Release;
		};
		8F339B342C2199BC008D13A7 /* Build configuration list for PBXNativeTarget "Walme" */ = {
			isa = XCConfigurationList;
			buildConfigurations = (
				8F339B352C2199BC008D13A7 /* Debug */,
				8F339B362C2199BC008D13A7 /* Release */,
			);
			defaultConfigurationIsVisible = 0;
			defaultConfigurationName = Release;
		};
/* End XCConfigurationList section */

/* Begin XCRemoteSwiftPackageReference section */
		0E59248C2C29470900D5F27C /* XCRemoteSwiftPackageReference "supabase-swift" */ = {
			isa = XCRemoteSwiftPackageReference;
			repositoryURL = "https://github.com/supabase/supabase-swift";
			requirement = {
				kind = upToNextMajorVersion;
				minimumVersion = 2.5.1;
			};
		};
/* End XCRemoteSwiftPackageReference section */

/* Begin XCSwiftPackageProductDependency section */
		0E59248D2C29471800D5F27C /* Supabase */ = {
			isa = XCSwiftPackageProductDependency;
			package = 0E59248C2C29470900D5F27C /* XCRemoteSwiftPackageReference "supabase-swift" */;
			productName = Supabase;
		};
/* End XCSwiftPackageProductDependency section */
	};
	rootObject = 8F339B1E2C2199BA008D13A7 /* Project object */;
}
